// !$*UTF8*$!
{
	archiveVersion = 1;
	classes = {
	};
	objectVersion = 51;
	objects = {

/* Begin PBXBuildFile section */
		074CF45B24B89DA200210278 /* AppDelegate.swift in Sources */ = {isa = PBXBuildFile; fileRef = 074CF45A24B89DA200210278 /* AppDelegate.swift */; };
		074CF45F24B89DA200210278 /* DrawingViewController.swift in Sources */ = {isa = PBXBuildFile; fileRef = 074CF45E24B89DA200210278 /* DrawingViewController.swift */; };
		074CF46224B89DA200210278 /* Main.storyboard in Resources */ = {isa = PBXBuildFile; fileRef = 074CF46024B89DA200210278 /* Main.storyboard */; };
		074CF46424B89DA300210278 /* Assets.xcassets in Resources */ = {isa = PBXBuildFile; fileRef = 074CF46324B89DA300210278 /* Assets.xcassets */; };
		074CF46724B89DA400210278 /* LaunchScreen.storyboard in Resources */ = {isa = PBXBuildFile; fileRef = 074CF46524B89DA400210278 /* LaunchScreen.storyboard */; };
		074CF47224B89DA400210278 /* DrawForMeTests.swift in Sources */ = {isa = PBXBuildFile; fileRef = 074CF47124B89DA400210278 /* DrawForMeTests.swift */; };
		074CF47D24B89DA400210278 /* DrawForMeUITests.swift in Sources */ = {isa = PBXBuildFile; fileRef = 074CF47C24B89DA400210278 /* DrawForMeUITests.swift */; };
		074CF48B24B9C58300210278 /* Sketch.swift in Sources */ = {isa = PBXBuildFile; fileRef = 074CF48A24B9C58300210278 /* Sketch.swift */; };
		079F7C0A24BC6FA0009C4F75 /* AlertView+UIAlertController.swift in Sources */ = {isa = PBXBuildFile; fileRef = 079F7C0924BC6FA0009C4F75 /* AlertView+UIAlertController.swift */; };
		079F7C1024BCB7E1009C4F75 /* DrawingConnectionState.swift in Sources */ = {isa = PBXBuildFile; fileRef = 079F7C0F24BCB7E1009C4F75 /* DrawingConnectionState.swift */; };
		196476FC9D1702FBA73E59C1 /* Pods_DrawForMeTests.framework in Frameworks */ = {isa = PBXBuildFile; fileRef = 38FC2C68F88EC8915C525322 /* Pods_DrawForMeTests.framework */; };
		3DE2F9EE856A585F486E5850 /* Pods_DrawForMe_DrawForMeUITests.framework in Frameworks */ = {isa = PBXBuildFile; fileRef = 43FC1D1C373C6D99F70C3DFA /* Pods_DrawForMe_DrawForMeUITests.framework */; };
		F915E61DFC840B12304A0070 /* Pods_DrawForMe.framework in Frameworks */ = {isa = PBXBuildFile; fileRef = C8EED43918BCDFC5D17D65F1 /* Pods_DrawForMe.framework */; };
/* End PBXBuildFile section */

/* Begin PBXContainerItemProxy section */
		074CF46E24B89DA400210278 /* PBXContainerItemProxy */ = {
			isa = PBXContainerItemProxy;
			containerPortal = 074CF44F24B89DA200210278 /* Project object */;
			proxyType = 1;
			remoteGlobalIDString = 074CF45624B89DA200210278;
			remoteInfo = DrawForMe;
		};
		074CF47924B89DA400210278 /* PBXContainerItemProxy */ = {
			isa = PBXContainerItemProxy;
			containerPortal = 074CF44F24B89DA200210278 /* Project object */;
			proxyType = 1;
			remoteGlobalIDString = 074CF45624B89DA200210278;
			remoteInfo = DrawForMe;
		};
/* End PBXContainerItemProxy section */

/* Begin PBXFileReference section */
		026D53048DD676D5843C895F /* Pods-DrawForMe-DrawForMeUITests.release.xcconfig */ = {isa = PBXFileReference; includeInIndex = 1; lastKnownFileType = text.xcconfig; name = "Pods-DrawForMe-DrawForMeUITests.release.xcconfig"; path = "Target Support Files/Pods-DrawForMe-DrawForMeUITests/Pods-DrawForMe-DrawForMeUITests.release.xcconfig"; sourceTree = "<group>"; };
		074CF45724B89DA200210278 /* DrawForMe.app */ = {isa = PBXFileReference; explicitFileType = wrapper.application; includeInIndex = 0; path = DrawForMe.app; sourceTree = BUILT_PRODUCTS_DIR; };
		074CF45A24B89DA200210278 /* AppDelegate.swift */ = {isa = PBXFileReference; lastKnownFileType = sourcecode.swift; path = AppDelegate.swift; sourceTree = "<group>"; };
		074CF45E24B89DA200210278 /* DrawingViewController.swift */ = {isa = PBXFileReference; lastKnownFileType = sourcecode.swift; path = DrawingViewController.swift; sourceTree = "<group>"; };
		074CF46124B89DA200210278 /* Base */ = {isa = PBXFileReference; lastKnownFileType = file.storyboard; name = Base; path = Base.lproj/Main.storyboard; sourceTree = "<group>"; };
		074CF46324B89DA300210278 /* Assets.xcassets */ = {isa = PBXFileReference; lastKnownFileType = folder.assetcatalog; path = Assets.xcassets; sourceTree = "<group>"; };
		074CF46624B89DA400210278 /* Base */ = {isa = PBXFileReference; lastKnownFileType = file.storyboard; name = Base; path = Base.lproj/LaunchScreen.storyboard; sourceTree = "<group>"; };
		074CF46824B89DA400210278 /* Info.plist */ = {isa = PBXFileReference; lastKnownFileType = text.plist.xml; path = Info.plist; sourceTree = "<group>"; };
		074CF46D24B89DA400210278 /* DrawForMeTests.xctest */ = {isa = PBXFileReference; explicitFileType = wrapper.cfbundle; includeInIndex = 0; path = DrawForMeTests.xctest; sourceTree = BUILT_PRODUCTS_DIR; };
		074CF47124B89DA400210278 /* DrawForMeTests.swift */ = {isa = PBXFileReference; lastKnownFileType = sourcecode.swift; path = DrawForMeTests.swift; sourceTree = "<group>"; };
		074CF47324B89DA400210278 /* Info.plist */ = {isa = PBXFileReference; lastKnownFileType = text.plist.xml; path = Info.plist; sourceTree = "<group>"; };
		074CF47824B89DA400210278 /* DrawForMeUITests.xctest */ = {isa = PBXFileReference; explicitFileType = wrapper.cfbundle; includeInIndex = 0; path = DrawForMeUITests.xctest; sourceTree = BUILT_PRODUCTS_DIR; };
		074CF47C24B89DA400210278 /* DrawForMeUITests.swift */ = {isa = PBXFileReference; lastKnownFileType = sourcecode.swift; path = DrawForMeUITests.swift; sourceTree = "<group>"; };
		074CF47E24B89DA400210278 /* Info.plist */ = {isa = PBXFileReference; lastKnownFileType = text.plist.xml; path = Info.plist; sourceTree = "<group>"; };
		074CF48A24B9C58300210278 /* Sketch.swift */ = {isa = PBXFileReference; lastKnownFileType = sourcecode.swift; path = Sketch.swift; sourceTree = "<group>"; };
		079F7C0924BC6FA0009C4F75 /* AlertView+UIAlertController.swift */ = {isa = PBXFileReference; lastKnownFileType = sourcecode.swift; path = "AlertView+UIAlertController.swift"; sourceTree = "<group>"; };
		079F7C0F24BCB7E1009C4F75 /* DrawingConnectionState.swift */ = {isa = PBXFileReference; lastKnownFileType = sourcecode.swift; path = DrawingConnectionState.swift; sourceTree = "<group>"; };
		13448E657A838355E9C38255 /* Pods-DrawForMeTests.debug.xcconfig */ = {isa = PBXFileReference; includeInIndex = 1; lastKnownFileType = text.xcconfig; name = "Pods-DrawForMeTests.debug.xcconfig"; path = "Target Support Files/Pods-DrawForMeTests/Pods-DrawForMeTests.debug.xcconfig"; sourceTree = "<group>"; };
		38FC2C68F88EC8915C525322 /* Pods_DrawForMeTests.framework */ = {isa = PBXFileReference; explicitFileType = wrapper.framework; includeInIndex = 0; path = Pods_DrawForMeTests.framework; sourceTree = BUILT_PRODUCTS_DIR; };
		43FC1D1C373C6D99F70C3DFA /* Pods_DrawForMe_DrawForMeUITests.framework */ = {isa = PBXFileReference; explicitFileType = wrapper.framework; includeInIndex = 0; path = Pods_DrawForMe_DrawForMeUITests.framework; sourceTree = BUILT_PRODUCTS_DIR; };
		8E6D6B254A1DDFDF5F2CF4C9 /* Pods-DrawForMeTests.release.xcconfig */ = {isa = PBXFileReference; includeInIndex = 1; lastKnownFileType = text.xcconfig; name = "Pods-DrawForMeTests.release.xcconfig"; path = "Target Support Files/Pods-DrawForMeTests/Pods-DrawForMeTests.release.xcconfig"; sourceTree = "<group>"; };
		8EF10623E428C5FD39DD76C3 /* Pods-DrawForMe-DrawForMeUITests.debug.xcconfig */ = {isa = PBXFileReference; includeInIndex = 1; lastKnownFileType = text.xcconfig; name = "Pods-DrawForMe-DrawForMeUITests.debug.xcconfig"; path = "Target Support Files/Pods-DrawForMe-DrawForMeUITests/Pods-DrawForMe-DrawForMeUITests.debug.xcconfig"; sourceTree = "<group>"; };
		ACA1110F914D4582A624AC01 /* Pods-DrawForMe.release.xcconfig */ = {isa = PBXFileReference; includeInIndex = 1; lastKnownFileType = text.xcconfig; name = "Pods-DrawForMe.release.xcconfig"; path = "Target Support Files/Pods-DrawForMe/Pods-DrawForMe.release.xcconfig"; sourceTree = "<group>"; };
		C56CE945F369A14AA6D94E2B /* Pods-DrawForMe.debug.xcconfig */ = {isa = PBXFileReference; includeInIndex = 1; lastKnownFileType = text.xcconfig; name = "Pods-DrawForMe.debug.xcconfig"; path = "Target Support Files/Pods-DrawForMe/Pods-DrawForMe.debug.xcconfig"; sourceTree = "<group>"; };
		C8EED43918BCDFC5D17D65F1 /* Pods_DrawForMe.framework */ = {isa = PBXFileReference; explicitFileType = wrapper.framework; includeInIndex = 0; path = Pods_DrawForMe.framework; sourceTree = BUILT_PRODUCTS_DIR; };
/* End PBXFileReference section */

/* Begin PBXFrameworksBuildPhase section */
		074CF45424B89DA200210278 /* Frameworks */ = {
			isa = PBXFrameworksBuildPhase;
			buildActionMask = 2147483647;
			files = (
				F915E61DFC840B12304A0070 /* Pods_DrawForMe.framework in Frameworks */,
			);
			runOnlyForDeploymentPostprocessing = 0;
		};
		074CF46A24B89DA400210278 /* Frameworks */ = {
			isa = PBXFrameworksBuildPhase;
			buildActionMask = 2147483647;
			files = (
				196476FC9D1702FBA73E59C1 /* Pods_DrawForMeTests.framework in Frameworks */,
			);
			runOnlyForDeploymentPostprocessing = 0;
		};
		074CF47524B89DA400210278 /* Frameworks */ = {
			isa = PBXFrameworksBuildPhase;
			buildActionMask = 2147483647;
			files = (
				3DE2F9EE856A585F486E5850 /* Pods_DrawForMe_DrawForMeUITests.framework in Frameworks */,
			);
			runOnlyForDeploymentPostprocessing = 0;
		};
/* End PBXFrameworksBuildPhase section */

/* Begin PBXGroup section */
		074CF44E24B89DA200210278 = {
			isa = PBXGroup;
			children = (
				074CF45924B89DA200210278 /* DrawForMe */,
				074CF47024B89DA400210278 /* DrawForMeTests */,
				074CF47B24B89DA400210278 /* DrawForMeUITests */,
				074CF45824B89DA200210278 /* Products */,
				B4DB8934539BB684DBDEA16C /* Pods */,
				9787E21E276E363AB9CE86CA /* Frameworks */,
			);
			sourceTree = "<group>";
		};
		074CF45824B89DA200210278 /* Products */ = {
			isa = PBXGroup;
			children = (
				074CF45724B89DA200210278 /* DrawForMe.app */,
				074CF46D24B89DA400210278 /* DrawForMeTests.xctest */,
				074CF47824B89DA400210278 /* DrawForMeUITests.xctest */,
			);
			name = Products;
			sourceTree = "<group>";
		};
		074CF45924B89DA200210278 /* DrawForMe */ = {
			isa = PBXGroup;
			children = (
				079F7C0924BC6FA0009C4F75 /* AlertView+UIAlertController.swift */,
				074CF45A24B89DA200210278 /* AppDelegate.swift */,
				074CF48A24B9C58300210278 /* Sketch.swift */,
				079F7C0F24BCB7E1009C4F75 /* DrawingConnectionState.swift */,
				074CF45E24B89DA200210278 /* DrawingViewController.swift */,
				079F7C0C24BCA5ED009C4F75 /* Assets */,
				079F7C0B24BCA5D6009C4F75 /* Storyboard */,
			);
			path = DrawForMe;
			sourceTree = "<group>";
		};
		074CF47024B89DA400210278 /* DrawForMeTests */ = {
			isa = PBXGroup;
			children = (
				074CF47124B89DA400210278 /* DrawForMeTests.swift */,
				074CF47324B89DA400210278 /* Info.plist */,
			);
			path = DrawForMeTests;
			sourceTree = "<group>";
		};
		074CF47B24B89DA400210278 /* DrawForMeUITests */ = {
			isa = PBXGroup;
			children = (
				074CF47C24B89DA400210278 /* DrawForMeUITests.swift */,
				074CF47E24B89DA400210278 /* Info.plist */,
			);
			path = DrawForMeUITests;
			sourceTree = "<group>";
		};
		079F7C0B24BCA5D6009C4F75 /* Storyboard */ = {
			isa = PBXGroup;
			children = (
				074CF46524B89DA400210278 /* LaunchScreen.storyboard */,
				074CF46024B89DA200210278 /* Main.storyboard */,
			);
			path = Storyboard;
			sourceTree = "<group>";
		};
		079F7C0C24BCA5ED009C4F75 /* Assets */ = {
			isa = PBXGroup;
			children = (
				074CF46824B89DA400210278 /* Info.plist */,
				074CF46324B89DA300210278 /* Assets.xcassets */,
			);
			path = Assets;
			sourceTree = "<group>";
		};
		9787E21E276E363AB9CE86CA /* Frameworks */ = {
			isa = PBXGroup;
			children = (
				C8EED43918BCDFC5D17D65F1 /* Pods_DrawForMe.framework */,
				43FC1D1C373C6D99F70C3DFA /* Pods_DrawForMe_DrawForMeUITests.framework */,
				38FC2C68F88EC8915C525322 /* Pods_DrawForMeTests.framework */,
			);
			name = Frameworks;
			sourceTree = "<group>";
		};
		B4DB8934539BB684DBDEA16C /* Pods */ = {
			isa = PBXGroup;
			children = (
				C56CE945F369A14AA6D94E2B /* Pods-DrawForMe.debug.xcconfig */,
				ACA1110F914D4582A624AC01 /* Pods-DrawForMe.release.xcconfig */,
				8EF10623E428C5FD39DD76C3 /* Pods-DrawForMe-DrawForMeUITests.debug.xcconfig */,
				026D53048DD676D5843C895F /* Pods-DrawForMe-DrawForMeUITests.release.xcconfig */,
				13448E657A838355E9C38255 /* Pods-DrawForMeTests.debug.xcconfig */,
				8E6D6B254A1DDFDF5F2CF4C9 /* Pods-DrawForMeTests.release.xcconfig */,
			);
			path = Pods;
			sourceTree = "<group>";
		};
/* End PBXGroup section */

/* Begin PBXNativeTarget section */
		074CF45624B89DA200210278 /* DrawForMe */ = {
			isa = PBXNativeTarget;
			buildConfigurationList = 074CF48124B89DA400210278 /* Build configuration list for PBXNativeTarget "DrawForMe" */;
			buildPhases = (
				242976EEA21B7B0E51415790 /* [CP] Check Pods Manifest.lock */,
				074CF45324B89DA200210278 /* Sources */,
				074CF45424B89DA200210278 /* Frameworks */,
				074CF45524B89DA200210278 /* Resources */,
				4EA62AEB11D35DA86C134903 /* [CP] Embed Pods Frameworks */,
			);
			buildRules = (
			);
			dependencies = (
			);
			name = DrawForMe;
			productName = DrawForMe;
			productReference = 074CF45724B89DA200210278 /* DrawForMe.app */;
			productType = "com.apple.product-type.application";
		};
		074CF46C24B89DA400210278 /* DrawForMeTests */ = {
			isa = PBXNativeTarget;
			buildConfigurationList = 074CF48424B89DA400210278 /* Build configuration list for PBXNativeTarget "DrawForMeTests" */;
			buildPhases = (
				D45031AE46AD7583A6FAF017 /* [CP] Check Pods Manifest.lock */,
				074CF46924B89DA400210278 /* Sources */,
				074CF46A24B89DA400210278 /* Frameworks */,
				074CF46B24B89DA400210278 /* Resources */,
			);
			buildRules = (
			);
			dependencies = (
				074CF46F24B89DA400210278 /* PBXTargetDependency */,
			);
			name = DrawForMeTests;
			productName = DrawForMeTests;
			productReference = 074CF46D24B89DA400210278 /* DrawForMeTests.xctest */;
			productType = "com.apple.product-type.bundle.unit-test";
		};
		074CF47724B89DA400210278 /* DrawForMeUITests */ = {
			isa = PBXNativeTarget;
			buildConfigurationList = 074CF48724B89DA400210278 /* Build configuration list for PBXNativeTarget "DrawForMeUITests" */;
			buildPhases = (
				A977B066DF1F46B1D1503B76 /* [CP] Check Pods Manifest.lock */,
				074CF47424B89DA400210278 /* Sources */,
				074CF47524B89DA400210278 /* Frameworks */,
				074CF47624B89DA400210278 /* Resources */,
				3C03DEA58AFD42B57817FA8F /* [CP] Embed Pods Frameworks */,
			);
			buildRules = (
			);
			dependencies = (
				074CF47A24B89DA400210278 /* PBXTargetDependency */,
			);
			name = DrawForMeUITests;
			productName = DrawForMeUITests;
			productReference = 074CF47824B89DA400210278 /* DrawForMeUITests.xctest */;
			productType = "com.apple.product-type.bundle.ui-testing";
		};
/* End PBXNativeTarget section */

/* Begin PBXProject section */
		074CF44F24B89DA200210278 /* Project object */ = {
			isa = PBXProject;
			attributes = {
				LastSwiftUpdateCheck = 1150;
				LastUpgradeCheck = 1150;
				ORGANIZATIONNAME = DrawForMe;
				TargetAttributes = {
					074CF45624B89DA200210278 = {
						CreatedOnToolsVersion = 11.5;
					};
					074CF46C24B89DA400210278 = {
						CreatedOnToolsVersion = 11.5;
						TestTargetID = 074CF45624B89DA200210278;
					};
					074CF47724B89DA400210278 = {
						CreatedOnToolsVersion = 11.5;
						TestTargetID = 074CF45624B89DA200210278;
					};
				};
			};
			buildConfigurationList = 074CF45224B89DA200210278 /* Build configuration list for PBXProject "DrawForMe" */;
			compatibilityVersion = "Xcode 9.3";
			developmentRegion = en;
			hasScannedForEncodings = 0;
			knownRegions = (
				en,
				Base,
			);
			mainGroup = 074CF44E24B89DA200210278;
			productRefGroup = 074CF45824B89DA200210278 /* Products */;
			projectDirPath = "";
			projectRoot = "";
			targets = (
				074CF45624B89DA200210278 /* DrawForMe */,
				074CF46C24B89DA400210278 /* DrawForMeTests */,
				074CF47724B89DA400210278 /* DrawForMeUITests */,
			);
		};
/* End PBXProject section */

/* Begin PBXResourcesBuildPhase section */
		074CF45524B89DA200210278 /* Resources */ = {
			isa = PBXResourcesBuildPhase;
			buildActionMask = 2147483647;
			files = (
				074CF46724B89DA400210278 /* LaunchScreen.storyboard in Resources */,
				074CF46424B89DA300210278 /* Assets.xcassets in Resources */,
				074CF46224B89DA200210278 /* Main.storyboard in Resources */,
			);
			runOnlyForDeploymentPostprocessing = 0;
		};
		074CF46B24B89DA400210278 /* Resources */ = {
			isa = PBXResourcesBuildPhase;
			buildActionMask = 2147483647;
			files = (
			);
			runOnlyForDeploymentPostprocessing = 0;
		};
		074CF47624B89DA400210278 /* Resources */ = {
			isa = PBXResourcesBuildPhase;
			buildActionMask = 2147483647;
			files = (
			);
			runOnlyForDeploymentPostprocessing = 0;
		};
/* End PBXResourcesBuildPhase section */

/* Begin PBXShellScriptBuildPhase section */
		242976EEA21B7B0E51415790 /* [CP] Check Pods Manifest.lock */ = {
			isa = PBXShellScriptBuildPhase;
			buildActionMask = 2147483647;
			files = (
			);
			inputFileListPaths = (
			);
			inputPaths = (
				"${PODS_PODFILE_DIR_PATH}/Podfile.lock",
				"${PODS_ROOT}/Manifest.lock",
			);
			name = "[CP] Check Pods Manifest.lock";
			outputFileListPaths = (
			);
			outputPaths = (
				"$(DERIVED_FILE_DIR)/Pods-DrawForMe-checkManifestLockResult.txt",
			);
			runOnlyForDeploymentPostprocessing = 0;
			shellPath = /bin/sh;
			shellScript = "diff \"${PODS_PODFILE_DIR_PATH}/Podfile.lock\" \"${PODS_ROOT}/Manifest.lock\" > /dev/null\nif [ $? != 0 ] ; then\n    # print error to STDERR\n    echo \"error: The sandbox is not in sync with the Podfile.lock. Run 'pod install' or update your CocoaPods installation.\" >&2\n    exit 1\nfi\n# This output is used by Xcode 'outputs' to avoid re-running this script phase.\necho \"SUCCESS\" > \"${SCRIPT_OUTPUT_FILE_0}\"\n";
			showEnvVarsInLog = 0;
		};
		3C03DEA58AFD42B57817FA8F /* [CP] Embed Pods Frameworks */ = {
			isa = PBXShellScriptBuildPhase;
			buildActionMask = 2147483647;
			files = (
			);
			inputFileListPaths = (
				"${PODS_ROOT}/Target Support Files/Pods-DrawForMe-DrawForMeUITests/Pods-DrawForMe-DrawForMeUITests-frameworks-${CONFIGURATION}-input-files.xcfilelist",
			);
			name = "[CP] Embed Pods Frameworks";
			outputFileListPaths = (
				"${PODS_ROOT}/Target Support Files/Pods-DrawForMe-DrawForMeUITests/Pods-DrawForMe-DrawForMeUITests-frameworks-${CONFIGURATION}-output-files.xcfilelist",
			);
			runOnlyForDeploymentPostprocessing = 0;
			shellPath = /bin/sh;
			shellScript = "\"${PODS_ROOT}/Target Support Files/Pods-DrawForMe-DrawForMeUITests/Pods-DrawForMe-DrawForMeUITests-frameworks.sh\"\n";
			showEnvVarsInLog = 0;
		};
		4EA62AEB11D35DA86C134903 /* [CP] Embed Pods Frameworks */ = {
			isa = PBXShellScriptBuildPhase;
			buildActionMask = 2147483647;
			files = (
			);
			inputFileListPaths = (
				"${PODS_ROOT}/Target Support Files/Pods-DrawForMe/Pods-DrawForMe-frameworks-${CONFIGURATION}-input-files.xcfilelist",
			);
			name = "[CP] Embed Pods Frameworks";
			outputFileListPaths = (
				"${PODS_ROOT}/Target Support Files/Pods-DrawForMe/Pods-DrawForMe-frameworks-${CONFIGURATION}-output-files.xcfilelist",
			);
			runOnlyForDeploymentPostprocessing = 0;
			shellPath = /bin/sh;
			shellScript = "\"${PODS_ROOT}/Target Support Files/Pods-DrawForMe/Pods-DrawForMe-frameworks.sh\"\n";
			showEnvVarsInLog = 0;
		};
		A977B066DF1F46B1D1503B76 /* [CP] Check Pods Manifest.lock */ = {
			isa = PBXShellScriptBuildPhase;
			buildActionMask = 2147483647;
			files = (
			);
			inputFileListPaths = (
			);
			inputPaths = (
				"${PODS_PODFILE_DIR_PATH}/Podfile.lock",
				"${PODS_ROOT}/Manifest.lock",
			);
			name = "[CP] Check Pods Manifest.lock";
			outputFileListPaths = (
			);
			outputPaths = (
				"$(DERIVED_FILE_DIR)/Pods-DrawForMe-DrawForMeUITests-checkManifestLockResult.txt",
			);
			runOnlyForDeploymentPostprocessing = 0;
			shellPath = /bin/sh;
			shellScript = "diff \"${PODS_PODFILE_DIR_PATH}/Podfile.lock\" \"${PODS_ROOT}/Manifest.lock\" > /dev/null\nif [ $? != 0 ] ; then\n    # print error to STDERR\n    echo \"error: The sandbox is not in sync with the Podfile.lock. Run 'pod install' or update your CocoaPods installation.\" >&2\n    exit 1\nfi\n# This output is used by Xcode 'outputs' to avoid re-running this script phase.\necho \"SUCCESS\" > \"${SCRIPT_OUTPUT_FILE_0}\"\n";
			showEnvVarsInLog = 0;
		};
		D45031AE46AD7583A6FAF017 /* [CP] Check Pods Manifest.lock */ = {
			isa = PBXShellScriptBuildPhase;
			buildActionMask = 2147483647;
			files = (
			);
			inputFileListPaths = (
			);
			inputPaths = (
				"${PODS_PODFILE_DIR_PATH}/Podfile.lock",
				"${PODS_ROOT}/Manifest.lock",
			);
			name = "[CP] Check Pods Manifest.lock";
			outputFileListPaths = (
			);
			outputPaths = (
				"$(DERIVED_FILE_DIR)/Pods-DrawForMeTests-checkManifestLockResult.txt",
			);
			runOnlyForDeploymentPostprocessing = 0;
			shellPath = /bin/sh;
			shellScript = "diff \"${PODS_PODFILE_DIR_PATH}/Podfile.lock\" \"${PODS_ROOT}/Manifest.lock\" > /dev/null\nif [ $? != 0 ] ; then\n    # print error to STDERR\n    echo \"error: The sandbox is not in sync with the Podfile.lock. Run 'pod install' or update your CocoaPods installation.\" >&2\n    exit 1\nfi\n# This output is used by Xcode 'outputs' to avoid re-running this script phase.\necho \"SUCCESS\" > \"${SCRIPT_OUTPUT_FILE_0}\"\n";
			showEnvVarsInLog = 0;
		};
/* End PBXShellScriptBuildPhase section */

/* Begin PBXSourcesBuildPhase section */
		074CF45324B89DA200210278 /* Sources */ = {
			isa = PBXSourcesBuildPhase;
			buildActionMask = 2147483647;
			files = (
				079F7C1024BCB7E1009C4F75 /* DrawingConnectionState.swift in Sources */,
				074CF45F24B89DA200210278 /* DrawingViewController.swift in Sources */,
				079F7C0A24BC6FA0009C4F75 /* AlertView+UIAlertController.swift in Sources */,
				074CF48B24B9C58300210278 /* Sketch.swift in Sources */,
				074CF45B24B89DA200210278 /* AppDelegate.swift in Sources */,
			);
			runOnlyForDeploymentPostprocessing = 0;
		};
		074CF46924B89DA400210278 /* Sources */ = {
			isa = PBXSourcesBuildPhase;
			buildActionMask = 2147483647;
			files = (
				074CF47224B89DA400210278 /* DrawForMeTests.swift in Sources */,
			);
			runOnlyForDeploymentPostprocessing = 0;
		};
		074CF47424B89DA400210278 /* Sources */ = {
			isa = PBXSourcesBuildPhase;
			buildActionMask = 2147483647;
			files = (
				074CF47D24B89DA400210278 /* DrawForMeUITests.swift in Sources */,
			);
			runOnlyForDeploymentPostprocessing = 0;
		};
/* End PBXSourcesBuildPhase section */

/* Begin PBXTargetDependency section */
		074CF46F24B89DA400210278 /* PBXTargetDependency */ = {
			isa = PBXTargetDependency;
			target = 074CF45624B89DA200210278 /* DrawForMe */;
			targetProxy = 074CF46E24B89DA400210278 /* PBXContainerItemProxy */;
		};
		074CF47A24B89DA400210278 /* PBXTargetDependency */ = {
			isa = PBXTargetDependency;
			target = 074CF45624B89DA200210278 /* DrawForMe */;
			targetProxy = 074CF47924B89DA400210278 /* PBXContainerItemProxy */;
		};
/* End PBXTargetDependency section */

/* Begin PBXVariantGroup section */
		074CF46024B89DA200210278 /* Main.storyboard */ = {
			isa = PBXVariantGroup;
			children = (
				074CF46124B89DA200210278 /* Base */,
			);
			name = Main.storyboard;
			sourceTree = "<group>";
		};
		074CF46524B89DA400210278 /* LaunchScreen.storyboard */ = {
			isa = PBXVariantGroup;
			children = (
				074CF46624B89DA400210278 /* Base */,
			);
			name = LaunchScreen.storyboard;
			sourceTree = "<group>";
		};
/* End PBXVariantGroup section */

/* Begin XCBuildConfiguration section */
		074CF47F24B89DA400210278 /* Debug */ = {
			isa = XCBuildConfiguration;
			buildSettings = {
				ALWAYS_SEARCH_USER_PATHS = NO;
				CLANG_ANALYZER_NONNULL = YES;
				CLANG_ANALYZER_NUMBER_OBJECT_CONVERSION = YES_AGGRESSIVE;
				CLANG_CXX_LANGUAGE_STANDARD = "gnu++14";
				CLANG_CXX_LIBRARY = "libc++";
				CLANG_ENABLE_MODULES = YES;
				CLANG_ENABLE_OBJC_ARC = YES;
				CLANG_ENABLE_OBJC_WEAK = YES;
				CLANG_WARN_BLOCK_CAPTURE_AUTORELEASING = YES;
				CLANG_WARN_BOOL_CONVERSION = YES;
				CLANG_WARN_COMMA = YES;
				CLANG_WARN_CONSTANT_CONVERSION = YES;
				CLANG_WARN_DEPRECATED_OBJC_IMPLEMENTATIONS = YES;
				CLANG_WARN_DIRECT_OBJC_ISA_USAGE = YES_ERROR;
				CLANG_WARN_DOCUMENTATION_COMMENTS = YES;
				CLANG_WARN_EMPTY_BODY = YES;
				CLANG_WARN_ENUM_CONVERSION = YES;
				CLANG_WARN_INFINITE_RECURSION = YES;
				CLANG_WARN_INT_CONVERSION = YES;
				CLANG_WARN_NON_LITERAL_NULL_CONVERSION = YES;
				CLANG_WARN_OBJC_IMPLICIT_RETAIN_SELF = YES;
				CLANG_WARN_OBJC_LITERAL_CONVERSION = YES;
				CLANG_WARN_OBJC_ROOT_CLASS = YES_ERROR;
				CLANG_WARN_RANGE_LOOP_ANALYSIS = YES;
				CLANG_WARN_STRICT_PROTOTYPES = YES;
				CLANG_WARN_SUSPICIOUS_MOVE = YES;
				CLANG_WARN_UNGUARDED_AVAILABILITY = YES_AGGRESSIVE;
				CLANG_WARN_UNREACHABLE_CODE = YES;
				CLANG_WARN__DUPLICATE_METHOD_MATCH = YES;
				COPY_PHASE_STRIP = NO;
				DEBUG_INFORMATION_FORMAT = dwarf;
				ENABLE_STRICT_OBJC_MSGSEND = YES;
				ENABLE_TESTABILITY = YES;
				GCC_C_LANGUAGE_STANDARD = gnu11;
				GCC_DYNAMIC_NO_PIC = NO;
				GCC_NO_COMMON_BLOCKS = YES;
				GCC_OPTIMIZATION_LEVEL = 0;
				GCC_PREPROCESSOR_DEFINITIONS = (
					"DEBUG=1",
					"$(inherited)",
				);
				GCC_WARN_64_TO_32_BIT_CONVERSION = YES;
				GCC_WARN_ABOUT_RETURN_TYPE = YES_ERROR;
				GCC_WARN_UNDECLARED_SELECTOR = YES;
				GCC_WARN_UNINITIALIZED_AUTOS = YES_AGGRESSIVE;
				GCC_WARN_UNUSED_FUNCTION = YES;
				GCC_WARN_UNUSED_VARIABLE = YES;
				IPHONEOS_DEPLOYMENT_TARGET = 13.5;
				MTL_ENABLE_DEBUG_INFO = INCLUDE_SOURCE;
				MTL_FAST_MATH = YES;
				ONLY_ACTIVE_ARCH = YES;
				SDKROOT = iphoneos;
				SWIFT_ACTIVE_COMPILATION_CONDITIONS = DEBUG;
				SWIFT_OPTIMIZATION_LEVEL = "-Onone";
			};
			name = Debug;
		};
		074CF48024B89DA400210278 /* Release */ = {
			isa = XCBuildConfiguration;
			buildSettings = {
				ALWAYS_SEARCH_USER_PATHS = NO;
				CLANG_ANALYZER_NONNULL = YES;
				CLANG_ANALYZER_NUMBER_OBJECT_CONVERSION = YES_AGGRESSIVE;
				CLANG_CXX_LANGUAGE_STANDARD = "gnu++14";
				CLANG_CXX_LIBRARY = "libc++";
				CLANG_ENABLE_MODULES = YES;
				CLANG_ENABLE_OBJC_ARC = YES;
				CLANG_ENABLE_OBJC_WEAK = YES;
				CLANG_WARN_BLOCK_CAPTURE_AUTORELEASING = YES;
				CLANG_WARN_BOOL_CONVERSION = YES;
				CLANG_WARN_COMMA = YES;
				CLANG_WARN_CONSTANT_CONVERSION = YES;
				CLANG_WARN_DEPRECATED_OBJC_IMPLEMENTATIONS = YES;
				CLANG_WARN_DIRECT_OBJC_ISA_USAGE = YES_ERROR;
				CLANG_WARN_DOCUMENTATION_COMMENTS = YES;
				CLANG_WARN_EMPTY_BODY = YES;
				CLANG_WARN_ENUM_CONVERSION = YES;
				CLANG_WARN_INFINITE_RECURSION = YES;
				CLANG_WARN_INT_CONVERSION = YES;
				CLANG_WARN_NON_LITERAL_NULL_CONVERSION = YES;
				CLANG_WARN_OBJC_IMPLICIT_RETAIN_SELF = YES;
				CLANG_WARN_OBJC_LITERAL_CONVERSION = YES;
				CLANG_WARN_OBJC_ROOT_CLASS = YES_ERROR;
				CLANG_WARN_RANGE_LOOP_ANALYSIS = YES;
				CLANG_WARN_STRICT_PROTOTYPES = YES;
				CLANG_WARN_SUSPICIOUS_MOVE = YES;
				CLANG_WARN_UNGUARDED_AVAILABILITY = YES_AGGRESSIVE;
				CLANG_WARN_UNREACHABLE_CODE = YES;
				CLANG_WARN__DUPLICATE_METHOD_MATCH = YES;
				COPY_PHASE_STRIP = NO;
				DEBUG_INFORMATION_FORMAT = "dwarf-with-dsym";
				ENABLE_NS_ASSERTIONS = NO;
				ENABLE_STRICT_OBJC_MSGSEND = YES;
				GCC_C_LANGUAGE_STANDARD = gnu11;
				GCC_NO_COMMON_BLOCKS = YES;
				GCC_WARN_64_TO_32_BIT_CONVERSION = YES;
				GCC_WARN_ABOUT_RETURN_TYPE = YES_ERROR;
				GCC_WARN_UNDECLARED_SELECTOR = YES;
				GCC_WARN_UNINITIALIZED_AUTOS = YES_AGGRESSIVE;
				GCC_WARN_UNUSED_FUNCTION = YES;
				GCC_WARN_UNUSED_VARIABLE = YES;
				IPHONEOS_DEPLOYMENT_TARGET = 13.5;
				MTL_ENABLE_DEBUG_INFO = NO;
				MTL_FAST_MATH = YES;
				SDKROOT = iphoneos;
				SWIFT_COMPILATION_MODE = wholemodule;
				SWIFT_OPTIMIZATION_LEVEL = "-O";
				VALIDATE_PRODUCT = YES;
			};
			name = Release;
		};
		074CF48224B89DA400210278 /* Debug */ = {
			isa = XCBuildConfiguration;
			baseConfigurationReference = C56CE945F369A14AA6D94E2B /* Pods-DrawForMe.debug.xcconfig */;
			buildSettings = {
				ASSETCATALOG_COMPILER_APPICON_NAME = AppIcon;
				CODE_SIGN_STYLE = Automatic;
				DEVELOPMENT_TEAM = 4275U3NVPF;
				INFOPLIST_FILE = "$(SRCROOT)/DrawForMe/Assets/Info.plist";
				LD_RUNPATH_SEARCH_PATHS = (
					"$(inherited)",
					"@executable_path/Frameworks",
				);
				PRODUCT_BUNDLE_IDENTIFIER = App.DrawForMe;
				PRODUCT_NAME = "$(TARGET_NAME)";
				SWIFT_VERSION = 5.0;
				TARGETED_DEVICE_FAMILY = "1,2";
			};
			name = Debug;
		};
		074CF48324B89DA400210278 /* Release */ = {
			isa = XCBuildConfiguration;
			baseConfigurationReference = ACA1110F914D4582A624AC01 /* Pods-DrawForMe.release.xcconfig */;
			buildSettings = {
				ASSETCATALOG_COMPILER_APPICON_NAME = AppIcon;
				CODE_SIGN_STYLE = Automatic;
				DEVELOPMENT_TEAM = 4275U3NVPF;
				INFOPLIST_FILE = "$(SRCROOT)/DrawForMe/Assets/Info.plist";
				LD_RUNPATH_SEARCH_PATHS = (
					"$(inherited)",
					"@executable_path/Frameworks",
				);
				PRODUCT_BUNDLE_IDENTIFIER = App.DrawForMe;
				PRODUCT_NAME = "$(TARGET_NAME)";
				SWIFT_VERSION = 5.0;
				TARGETED_DEVICE_FAMILY = "1,2";
			};
			name = Release;
		};
		074CF48524B89DA400210278 /* Debug */ = {
			isa = XCBuildConfiguration;
			baseConfigurationReference = 13448E657A838355E9C38255 /* Pods-DrawForMeTests.debug.xcconfig */;
			buildSettings = {
				ALWAYS_EMBED_SWIFT_STANDARD_LIBRARIES = YES;
				BUNDLE_LOADER = "$(TEST_HOST)";
				CODE_SIGN_STYLE = Automatic;
				DEVELOPMENT_TEAM = 4275U3NVPF;
				INFOPLIST_FILE = DrawForMeTests/Info.plist;
				IPHONEOS_DEPLOYMENT_TARGET = 13.5;
				LD_RUNPATH_SEARCH_PATHS = (
					"$(inherited)",
					"@executable_path/Frameworks",
					"@loader_path/Frameworks",
				);
				PRODUCT_BUNDLE_IDENTIFIER = App.DrawForMeTests;
				PRODUCT_NAME = "$(TARGET_NAME)";
				SWIFT_VERSION = 5.0;
				TARGETED_DEVICE_FAMILY = "1,2";
				TEST_HOST = "$(BUILT_PRODUCTS_DIR)/DrawForMe.app/DrawForMe";
			};
			name = Debug;
		};
		074CF48624B89DA400210278 /* Release */ = {
			isa = XCBuildConfiguration;
			baseConfigurationReference = 8E6D6B254A1DDFDF5F2CF4C9 /* Pods-DrawForMeTests.release.xcconfig */;
			buildSettings = {
				ALWAYS_EMBED_SWIFT_STANDARD_LIBRARIES = YES;
				BUNDLE_LOADER = "$(TEST_HOST)";
				CODE_SIGN_STYLE = Automatic;
				DEVELOPMENT_TEAM = 4275U3NVPF;
				INFOPLIST_FILE = DrawForMeTests/Info.plist;
				IPHONEOS_DEPLOYMENT_TARGET = 13.5;
				LD_RUNPATH_SEARCH_PATHS = (
					"$(inherited)",
					"@executable_path/Frameworks",
					"@loader_path/Frameworks",
				);
				PRODUCT_BUNDLE_IDENTIFIER = App.DrawForMeTests;
				PRODUCT_NAME = "$(TARGET_NAME)";
				SWIFT_VERSION = 5.0;
				TARGETED_DEVICE_FAMILY = "1,2";
				TEST_HOST = "$(BUILT_PRODUCTS_DIR)/DrawForMe.app/DrawForMe";
			};
			name = Release;
		};
		074CF48824B89DA400210278 /* Debug */ = {
			isa = XCBuildConfiguration;
			baseConfigurationReference = 8EF10623E428C5FD39DD76C3 /* Pods-DrawForMe-DrawForMeUITests.debug.xcconfig */;
			buildSettings = {
				ALWAYS_EMBED_SWIFT_STANDARD_LIBRARIES = YES;
				CODE_SIGN_STYLE = Automatic;
				DEVELOPMENT_TEAM = 4275U3NVPF;
				INFOPLIST_FILE = DrawForMeUITests/Info.plist;
				LD_RUNPATH_SEARCH_PATHS = (
					"$(inherited)",
					"@executable_path/Frameworks",
					"@loader_path/Frameworks",
				);
				PRODUCT_BUNDLE_IDENTIFIER = App.DrawForMeUITests;
				PRODUCT_NAME = "$(TARGET_NAME)";
				SWIFT_VERSION = 5.0;
				TARGETED_DEVICE_FAMILY = "1,2";
				TEST_TARGET_NAME = DrawForMe;
			};
			name = Debug;
		};
		074CF48924B89DA400210278 /* Release */ = {
			isa = XCBuildConfiguration;
			baseConfigurationReference = 026D53048DD676D5843C895F /* Pods-DrawForMe-DrawForMeUITests.release.xcconfig */;
			buildSettings = {
				ALWAYS_EMBED_SWIFT_STANDARD_LIBRARIES = YES;
				CODE_SIGN_STYLE = Automatic;
				DEVELOPMENT_TEAM = 4275U3NVPF;
				INFOPLIST_FILE = DrawForMeUITests/Info.plist;
				LD_RUNPATH_SEARCH_PATHS = (
					"$(inherited)",
					"@executable_path/Frameworks",
					"@loader_path/Frameworks",
				);
				PRODUCT_BUNDLE_IDENTIFIER = App.DrawForMeUITests;
				PRODUCT_NAME = "$(TARGET_NAME)";
				SWIFT_VERSION = 5.0;
				TARGETED_DEVICE_FAMILY = "1,2";
				TEST_TARGET_NAME = DrawForMe;
			};
			name = Release;
		};
/* End XCBuildConfiguration section */

/* Begin XCConfigurationList section */
		074CF45224B89DA200210278 /* Build configuration list for PBXProject "DrawForMe" */ = {
			isa = XCConfigurationList;
			buildConfigurations = (
				074CF47F24B89DA400210278 /* Debug */,
				074CF48024B89DA400210278 /* Release */,
			);
			defaultConfigurationIsVisible = 0;
			defaultConfigurationName = Release;
		};
		074CF48124B89DA400210278 /* Build configuration list for PBXNativeTarget "DrawForMe" */ = {
			isa = XCConfigurationList;
			buildConfigurations = (
				074CF48224B89DA400210278 /* Debug */,
				074CF48324B89DA400210278 /* Release */,
			);
			defaultConfigurationIsVisible = 0;
			defaultConfigurationName = Release;
		};
		074CF48424B89DA400210278 /* Build configuration list for PBXNativeTarget "DrawForMeTests" */ = {
			isa = XCConfigurationList;
			buildConfigurations = (
				074CF48524B89DA400210278 /* Debug */,
				074CF48624B89DA400210278 /* Release */,
			);
			defaultConfigurationIsVisible = 0;
			defaultConfigurationName = Release;
		};
		074CF48724B89DA400210278 /* Build configuration list for PBXNativeTarget "DrawForMeUITests" */ = {
			isa = XCConfigurationList;
			buildConfigurations = (
				074CF48824B89DA400210278 /* Debug */,
				074CF48924B89DA400210278 /* Release */,
			);
			defaultConfigurationIsVisible = 0;
			defaultConfigurationName = Release;
		};
/* End XCConfigurationList section */
	};
	rootObject = 074CF44F24B89DA200210278 /* Project object */;
}
